// !$*UTF8*$!
{
	archiveVersion = 1;
	classes = {
	};
	objectVersion = 56;
	objects = {

/* Begin PBXBuildFile section */
		570652B42B7A743C00294392 /* JSONDecoder.swift in Sources */ = {isa = PBXBuildFile; fileRef = 570652B32B7A743C00294392 /* JSONDecoder.swift */; };
		570652B62B7A7A3D00294392 /* View.swift in Sources */ = {isa = PBXBuildFile; fileRef = 570652B52B7A7A3D00294392 /* View.swift */; };
		5712326D2B112BD400294392 /* TodayView.swift in Sources */ = {isa = PBXBuildFile; fileRef = 5712326C2B112BD400294392 /* TodayView.swift */; };
		5712326F2B112BE500294392 /* FavoritesView.swift in Sources */ = {isa = PBXBuildFile; fileRef = 5712326E2B112BE500294392 /* FavoritesView.swift */; };
		571232712B112C0800294392 /* HistoryView.swift in Sources */ = {isa = PBXBuildFile; fileRef = 571232702B112C0800294392 /* HistoryView.swift */; };
		571232732B115FD100294392 /* Photo.swift in Sources */ = {isa = PBXBuildFile; fileRef = 571232722B115FD100294392 /* Photo.swift */; };
		571232772B11650A00294392 /* CosmoPicError.swift in Sources */ = {isa = PBXBuildFile; fileRef = 571232762B11650900294392 /* CosmoPicError.swift */; };
		57131E962B96183A00294392 /* StoreKitTestCertificate.cer in Resources */ = {isa = PBXBuildFile; fileRef = 57131E952B96183A00294392 /* StoreKitTestCertificate.cer */; };
		57131E982B9618F900294392 /* CosmoPicStoreView.swift in Sources */ = {isa = PBXBuildFile; fileRef = 57131E972B9618F900294392 /* CosmoPicStoreView.swift */; };
		572106092BC6D28800294392 /* PrivacyInfo.xcprivacy in Resources */ = {isa = PBXBuildFile; fileRef = 572106082BC6D28800294392 /* PrivacyInfo.xcprivacy */; };
		5721060A2BC6D28800294392 /* PrivacyInfo.xcprivacy in Resources */ = {isa = PBXBuildFile; fileRef = 572106082BC6D28800294392 /* PrivacyInfo.xcprivacy */; };
		57322E0D2B8F99A700294392 /* ImageSaverService.swift in Sources */ = {isa = PBXBuildFile; fileRef = 57322E0C2B8F99A700294392 /* ImageSaverService.swift */; };
		57346C8F2B90CE1F00294392 /* SaveButtonViewModel.swift in Sources */ = {isa = PBXBuildFile; fileRef = 57346C8E2B90CE1F00294392 /* SaveButtonViewModel.swift */; };
		57409B9F2B700EEC00294392 /* PhotoDetailViewModel.swift in Sources */ = {isa = PBXBuildFile; fileRef = 57409B9E2B700EEC00294392 /* PhotoDetailViewModel.swift */; };
		574D86912B14836B00294392 /* APOD-Info-Sample.plist in Resources */ = {isa = PBXBuildFile; fileRef = 574D86902B14836B00294392 /* APOD-Info-Sample.plist */; };
		574D86952B14A43A00294392 /* PhotoDetailView.swift in Sources */ = {isa = PBXBuildFile; fileRef = 574D86942B14A43A00294392 /* PhotoDetailView.swift */; };
		574D86972B15837100294392 /* PhotoAPIService.swift in Sources */ = {isa = PBXBuildFile; fileRef = 574D86962B15837100294392 /* PhotoAPIService.swift */; };
		574D869A2B1583C800294392 /* PhotoAPIServiceProtocol.swift in Sources */ = {isa = PBXBuildFile; fileRef = 574D86992B1583C800294392 /* PhotoAPIServiceProtocol.swift */; };
		574D86A02B16452600294392 /* HistoryAPIService.swift in Sources */ = {isa = PBXBuildFile; fileRef = 574D869F2B16452500294392 /* HistoryAPIService.swift */; };
		574D86A32B16453D00294392 /* HistoryAPIServiceProtocol.swift in Sources */ = {isa = PBXBuildFile; fileRef = 574D86A22B16453D00294392 /* HistoryAPIServiceProtocol.swift */; };
		5751B6942B947F3600294392 /* TodayPhotoView.swift in Sources */ = {isa = PBXBuildFile; fileRef = 5751B6932B947F3600294392 /* TodayPhotoView.swift */; };
		5751B6972B948D0100294392 /* SaveButtonView.swift in Sources */ = {isa = PBXBuildFile; fileRef = 5751B6962B948D0100294392 /* SaveButtonView.swift */; };
		575627372BB70DD200294392 /* ShowNewFavoritesPhotoIntent.swift in Sources */ = {isa = PBXBuildFile; fileRef = 575627362BB70DD200294392 /* ShowNewFavoritesPhotoIntent.swift */; };
		575627382BB70F6400294392 /* ShowNewFavoritesPhotoIntent.swift in Sources */ = {isa = PBXBuildFile; fileRef = 575627362BB70DD200294392 /* ShowNewFavoritesPhotoIntent.swift */; };
		575CFF5B2B17F2C800294392 /* WelcomeView.swift in Sources */ = {isa = PBXBuildFile; fileRef = 575CFF5A2B17F2C800294392 /* WelcomeView.swift */; };
		575CFF5D2B17F2E400294392 /* FeatureView.swift in Sources */ = {isa = PBXBuildFile; fileRef = 575CFF5C2B17F2E400294392 /* FeatureView.swift */; };
		5760A9662BCE722600294392 /* Router.swift in Sources */ = {isa = PBXBuildFile; fileRef = 57E4EFBB2BCBFEB100294392 /* Router.swift */; };
		5760A9672BCE723200294392 /* Tab.swift in Sources */ = {isa = PBXBuildFile; fileRef = 57E4EFB92BCBFD1800294392 /* Tab.swift */; };
		576892802BD3A27D00294392 /* PlanetRowView.swift in Sources */ = {isa = PBXBuildFile; fileRef = 5768927F2BD3A27D00294392 /* PlanetRowView.swift */; };
		578071242B9A19C200294392 /* CosmoPicStoreViewModifier.swift in Sources */ = {isa = PBXBuildFile; fileRef = 578071232B9A19C200294392 /* CosmoPicStoreViewModifier.swift */; };
		578071262B9A19D900294392 /* PurchaseManager.swift in Sources */ = {isa = PBXBuildFile; fileRef = 578071252B9A19D900294392 /* PurchaseManager.swift */; };
		5787682F2BA21E1E00294392 /* PhotoZoomableView.swift in Sources */ = {isa = PBXBuildFile; fileRef = 5787682E2BA21E1E00294392 /* PhotoZoomableView.swift */; };
		578768312BA21E3B00294392 /* PhotoZoomableContainerView.swift in Sources */ = {isa = PBXBuildFile; fileRef = 578768302BA21E3B00294392 /* PhotoZoomableContainerView.swift */; };
		578A19C42B0BA94E00294392 /* CosmoPicDataStoreTests.swift in Sources */ = {isa = PBXBuildFile; fileRef = 578A19C32B0BA94E00294392 /* CosmoPicDataStoreTests.swift */; };
		578A19D02B0BA94E00294392 /* CosmoPicUITestsLaunchTests.swift in Sources */ = {isa = PBXBuildFile; fileRef = 578A19CF2B0BA94E00294392 /* CosmoPicUITestsLaunchTests.swift */; };
		578C96B82B793EB900294392 /* HistoryViewModel.swift in Sources */ = {isa = PBXBuildFile; fileRef = 578C96B72B793EB900294392 /* HistoryViewModel.swift */; };
		5791A00A2B6D321E00294392 /* TodayViewModel.swift in Sources */ = {isa = PBXBuildFile; fileRef = 5791A0092B6D321E00294392 /* TodayViewModel.swift */; };
		579A9A122BA0509A00294392 /* StoreKit.framework in Frameworks */ = {isa = PBXBuildFile; fileRef = 579A9A112BA0509A00294392 /* StoreKit.framework */; };
		579C7F0A2BA614DF00294392 /* WidgetKit.framework in Frameworks */ = {isa = PBXBuildFile; fileRef = 579C7F092BA614DF00294392 /* WidgetKit.framework */; };
		579C7F0C2BA614DF00294392 /* SwiftUI.framework in Frameworks */ = {isa = PBXBuildFile; fileRef = 579C7F0B2BA614DF00294392 /* SwiftUI.framework */; };
		579C7F0F2BA614DF00294392 /* CosmoPicWidgetBundle.swift in Sources */ = {isa = PBXBuildFile; fileRef = 579C7F0E2BA614DF00294392 /* CosmoPicWidgetBundle.swift */; };
		579C7F112BA614DF00294392 /* FavoritesWidget.swift in Sources */ = {isa = PBXBuildFile; fileRef = 579C7F102BA614DF00294392 /* FavoritesWidget.swift */; };
		579C7F132BA614E100294392 /* Assets.xcassets in Resources */ = {isa = PBXBuildFile; fileRef = 579C7F122BA614E100294392 /* Assets.xcassets */; };
		579C7F172BA614E100294392 /* CosmoPicWidgets.appex in Embed Foundation Extensions */ = {isa = PBXBuildFile; fileRef = 579C7F082BA614DF00294392 /* CosmoPicWidgets.appex */; settings = {ATTRIBUTES = (RemoveHeadersOnCopy, ); }; };
		579C7F1C2BA616C800294392 /* FavoritesViewModel.swift in Sources */ = {isa = PBXBuildFile; fileRef = 57B8985E2B6EB37D00294392 /* FavoritesViewModel.swift */; };
		579C7F1D2BA616DF00294392 /* Photo.swift in Sources */ = {isa = PBXBuildFile; fileRef = 571232722B115FD100294392 /* Photo.swift */; };
		579C7F1E2BA616EE00294392 /* FileManager.swift in Sources */ = {isa = PBXBuildFile; fileRef = 57E049062B147CF500294392 /* FileManager.swift */; };
		57A8A6F32B7FAEEE00294392 /* CosmoPicAlert.swift in Sources */ = {isa = PBXBuildFile; fileRef = 57A8A6F22B7FAEEE00294392 /* CosmoPicAlert.swift */; };
		57A8A6F52B7FB12200294392 /* Binding.swift in Sources */ = {isa = PBXBuildFile; fileRef = 57A8A6F42B7FB12200294392 /* Binding.swift */; };
		57B22D772BCAADA100294392 /* FetchPhotoForTodayIntent.swift in Sources */ = {isa = PBXBuildFile; fileRef = 57B22D762BCAADA100294392 /* FetchPhotoForTodayIntent.swift */; };
		57B22D7B2BCAAF5300294392 /* CosmoPicShortcutsProvider.swift in Sources */ = {isa = PBXBuildFile; fileRef = 57B22D7A2BCAAF5300294392 /* CosmoPicShortcutsProvider.swift */; };
		57B8985F2B6EB37D00294392 /* FavoritesViewModel.swift in Sources */ = {isa = PBXBuildFile; fileRef = 57B8985E2B6EB37D00294392 /* FavoritesViewModel.swift */; };
		57D72BB82BD125A200294392 /* TriviaItems.swift in Sources */ = {isa = PBXBuildFile; fileRef = 57D72BB72BD125A200294392 /* TriviaItems.swift */; };
		57D8C4412B0D53C100294392 /* Preview Content in Resources */ = {isa = PBXBuildFile; fileRef = 57D8C43D2B0D53C100294392 /* Preview Content */; };
		57D8C4422B0D53C100294392 /* Assets.xcassets in Resources */ = {isa = PBXBuildFile; fileRef = 57D8C43E2B0D53C100294392 /* Assets.xcassets */; };
		57D8C4432B0D53C100294392 /* MainView.swift in Sources */ = {isa = PBXBuildFile; fileRef = 57D8C43F2B0D53C100294392 /* MainView.swift */; };
		57D8C4442B0D53C100294392 /* CosmoPicApp.swift in Sources */ = {isa = PBXBuildFile; fileRef = 57D8C4402B0D53C100294392 /* CosmoPicApp.swift */; };
		57D8C4462B0D55E500294392 /* CosmoPicUITests.swift in Sources */ = {isa = PBXBuildFile; fileRef = 578A19CD2B0BA94E00294392 /* CosmoPicUITests.swift */; };
		57E049072B147CF500294392 /* FileManager.swift in Sources */ = {isa = PBXBuildFile; fileRef = 57E049062B147CF500294392 /* FileManager.swift */; };
		57E049092B1481F300294392 /* APOD-Info.plist in Resources */ = {isa = PBXBuildFile; fileRef = 57E049082B1481F300294392 /* APOD-Info.plist */; };
		57E3F1A82B77C98800294392 /* PhotoDetailContentView.swift in Sources */ = {isa = PBXBuildFile; fileRef = 57E3F1A72B77C98800294392 /* PhotoDetailContentView.swift */; };
		57E4DD802B1A235600294392 /* DynamicPhotoView.swift in Sources */ = {isa = PBXBuildFile; fileRef = 57E4DD7F2B1A235600294392 /* DynamicPhotoView.swift */; };
		57E4DD872B1A28F200294392 /* HistoryRowView.swift in Sources */ = {isa = PBXBuildFile; fileRef = 57E4DD862B1A28F200294392 /* HistoryRowView.swift */; };
		57E4EFBA2BCBFD1800294392 /* Tab.swift in Sources */ = {isa = PBXBuildFile; fileRef = 57E4EFB92BCBFD1800294392 /* Tab.swift */; };
		57E4EFBC2BCBFEB100294392 /* Router.swift in Sources */ = {isa = PBXBuildFile; fileRef = 57E4EFBB2BCBFEB100294392 /* Router.swift */; };
		57EB4AD42BD115D000294392 /* TriviaView.swift in Sources */ = {isa = PBXBuildFile; fileRef = 57EB4AD32BD115D000294392 /* TriviaView.swift */; };
		57EB4AD72BD1177D00294392 /* TriviaItem.swift in Sources */ = {isa = PBXBuildFile; fileRef = 57EB4AD62BD1177D00294392 /* TriviaItem.swift */; };
		57EB4ADA2BD1188200294392 /* SolarSystemAPIService.swift in Sources */ = {isa = PBXBuildFile; fileRef = 57EB4AD92BD1188200294392 /* SolarSystemAPIService.swift */; };
		57EB4ADC2BD1189000294392 /* SolarSystemAPIServiceProtocol.swift in Sources */ = {isa = PBXBuildFile; fileRef = 57EB4ADB2BD1189000294392 /* SolarSystemAPIServiceProtocol.swift */; };
		57EB4ADE2BD119C000294392 /* TriviaViewModel.swift in Sources */ = {isa = PBXBuildFile; fileRef = 57EB4ADD2BD119C000294392 /* TriviaViewModel.swift */; };
		57EB4AE02BD11FC400294392 /* Collection.swift in Sources */ = {isa = PBXBuildFile; fileRef = 57EB4ADF2BD11FC400294392 /* Collection.swift */; };
		57EF5E952B950BF500294392 /* ShareButtonView.swift in Sources */ = {isa = PBXBuildFile; fileRef = 57EF5E942B950BF500294392 /* ShareButtonView.swift */; };
		57F550432B73DEFE00294392 /* DateFormatter.swift in Sources */ = {isa = PBXBuildFile; fileRef = 57F550422B73DEFE00294392 /* DateFormatter.swift */; };
		57F550452B73E3A500294392 /* UIImage.swift in Sources */ = {isa = PBXBuildFile; fileRef = 57F550442B73E3A500294392 /* UIImage.swift */; };
		57FC94252B1667AF00294392 /* PhotoAPIServiceMock.swift in Sources */ = {isa = PBXBuildFile; fileRef = 57FC94242B1667AF00294392 /* PhotoAPIServiceMock.swift */; };
		57FC94272B166CB800294392 /* HistoryAPIServiceMock.swift in Sources */ = {isa = PBXBuildFile; fileRef = 57FC94262B166CB800294392 /* HistoryAPIServiceMock.swift */; };
		57FC94292B166F3E00294392 /* PhotoAPIServiceErrorMock.swift in Sources */ = {isa = PBXBuildFile; fileRef = 57FC94282B166F3E00294392 /* PhotoAPIServiceErrorMock.swift */; };
		57FECA9D2B92500400294392 /* FavoriteButtonView.swift in Sources */ = {isa = PBXBuildFile; fileRef = 57FECA9C2B92500400294392 /* FavoriteButtonView.swift */; };
/* End PBXBuildFile section */

/* Begin PBXContainerItemProxy section */
		578A19C02B0BA94E00294392 /* PBXContainerItemProxy */ = {
			isa = PBXContainerItemProxy;
			containerPortal = 578A19A72B0BA94C00294392 /* Project object */;
			proxyType = 1;
			remoteGlobalIDString = 578A19AE2B0BA94C00294392;
			remoteInfo = "Cosmo Pic";
		};
		578A19CA2B0BA94E00294392 /* PBXContainerItemProxy */ = {
			isa = PBXContainerItemProxy;
			containerPortal = 578A19A72B0BA94C00294392 /* Project object */;
			proxyType = 1;
			remoteGlobalIDString = 578A19AE2B0BA94C00294392;
			remoteInfo = "Cosmo Pic";
		};
		579C7F152BA614E100294392 /* PBXContainerItemProxy */ = {
			isa = PBXContainerItemProxy;
			containerPortal = 578A19A72B0BA94C00294392 /* Project object */;
			proxyType = 1;
			remoteGlobalIDString = 579C7F072BA614DF00294392;
			remoteInfo = FavoritesWidgetExtension;
		};
/* End PBXContainerItemProxy section */

/* Begin PBXCopyFilesBuildPhase section */
		579C7F1B2BA614E100294392 /* Embed Foundation Extensions */ = {
			isa = PBXCopyFilesBuildPhase;
			buildActionMask = 2147483647;
			dstPath = "";
			dstSubfolderSpec = 13;
			files = (
				579C7F172BA614E100294392 /* CosmoPicWidgets.appex in Embed Foundation Extensions */,
			);
			name = "Embed Foundation Extensions";
			runOnlyForDeploymentPostprocessing = 0;
		};
/* End PBXCopyFilesBuildPhase section */

/* Begin PBXFileReference section */
		570652B32B7A743C00294392 /* JSONDecoder.swift */ = {isa = PBXFileReference; lastKnownFileType = sourcecode.swift; path = JSONDecoder.swift; sourceTree = "<group>"; };
		570652B52B7A7A3D00294392 /* View.swift */ = {isa = PBXFileReference; lastKnownFileType = sourcecode.swift; path = View.swift; sourceTree = "<group>"; };
		5712326C2B112BD400294392 /* TodayView.swift */ = {isa = PBXFileReference; lastKnownFileType = sourcecode.swift; path = TodayView.swift; sourceTree = "<group>"; };
		5712326E2B112BE500294392 /* FavoritesView.swift */ = {isa = PBXFileReference; lastKnownFileType = sourcecode.swift; path = FavoritesView.swift; sourceTree = "<group>"; };
		571232702B112C0800294392 /* HistoryView.swift */ = {isa = PBXFileReference; lastKnownFileType = sourcecode.swift; path = HistoryView.swift; sourceTree = "<group>"; };
		571232722B115FD100294392 /* Photo.swift */ = {isa = PBXFileReference; lastKnownFileType = sourcecode.swift; path = Photo.swift; sourceTree = "<group>"; };
		571232762B11650900294392 /* CosmoPicError.swift */ = {isa = PBXFileReference; lastKnownFileType = sourcecode.swift; path = CosmoPicError.swift; sourceTree = "<group>"; };
		57131E942B96176400294392 /* Products.storekit */ = {isa = PBXFileReference; lastKnownFileType = text; path = Products.storekit; sourceTree = "<group>"; };
		57131E952B96183A00294392 /* StoreKitTestCertificate.cer */ = {isa = PBXFileReference; lastKnownFileType = file; path = StoreKitTestCertificate.cer; sourceTree = "<group>"; };
		57131E972B9618F900294392 /* CosmoPicStoreView.swift */ = {isa = PBXFileReference; lastKnownFileType = sourcecode.swift; path = CosmoPicStoreView.swift; sourceTree = "<group>"; };
		572106082BC6D28800294392 /* PrivacyInfo.xcprivacy */ = {isa = PBXFileReference; lastKnownFileType = text.xml; path = PrivacyInfo.xcprivacy; sourceTree = "<group>"; };
		572FAFA62B11276800294392 /* Info.plist */ = {isa = PBXFileReference; lastKnownFileType = text.plist; path = Info.plist; sourceTree = "<group>"; };
		57322E0C2B8F99A700294392 /* ImageSaverService.swift */ = {isa = PBXFileReference; lastKnownFileType = sourcecode.swift; path = ImageSaverService.swift; sourceTree = "<group>"; };
		57346C8E2B90CE1F00294392 /* SaveButtonViewModel.swift */ = {isa = PBXFileReference; lastKnownFileType = sourcecode.swift; path = SaveButtonViewModel.swift; sourceTree = "<group>"; };
		57409B9E2B700EEC00294392 /* PhotoDetailViewModel.swift */ = {isa = PBXFileReference; lastKnownFileType = sourcecode.swift; path = PhotoDetailViewModel.swift; sourceTree = "<group>"; };
		574D86902B14836B00294392 /* APOD-Info-Sample.plist */ = {isa = PBXFileReference; lastKnownFileType = text.plist.xml; path = "APOD-Info-Sample.plist"; sourceTree = "<group>"; };
		574D86942B14A43A00294392 /* PhotoDetailView.swift */ = {isa = PBXFileReference; lastKnownFileType = sourcecode.swift; path = PhotoDetailView.swift; sourceTree = "<group>"; };
		574D86962B15837100294392 /* PhotoAPIService.swift */ = {isa = PBXFileReference; lastKnownFileType = sourcecode.swift; path = PhotoAPIService.swift; sourceTree = "<group>"; };
		574D86992B1583C800294392 /* PhotoAPIServiceProtocol.swift */ = {isa = PBXFileReference; lastKnownFileType = sourcecode.swift; path = PhotoAPIServiceProtocol.swift; sourceTree = "<group>"; };
		574D869F2B16452500294392 /* HistoryAPIService.swift */ = {isa = PBXFileReference; lastKnownFileType = sourcecode.swift; path = HistoryAPIService.swift; sourceTree = "<group>"; };
		574D86A22B16453D00294392 /* HistoryAPIServiceProtocol.swift */ = {isa = PBXFileReference; lastKnownFileType = sourcecode.swift; path = HistoryAPIServiceProtocol.swift; sourceTree = "<group>"; };
		5751B6932B947F3600294392 /* TodayPhotoView.swift */ = {isa = PBXFileReference; lastKnownFileType = sourcecode.swift; path = TodayPhotoView.swift; sourceTree = "<group>"; };
		5751B6962B948D0100294392 /* SaveButtonView.swift */ = {isa = PBXFileReference; lastKnownFileType = sourcecode.swift; path = SaveButtonView.swift; sourceTree = "<group>"; };
		575627362BB70DD200294392 /* ShowNewFavoritesPhotoIntent.swift */ = {isa = PBXFileReference; lastKnownFileType = sourcecode.swift; path = ShowNewFavoritesPhotoIntent.swift; sourceTree = "<group>"; };
		575CFF5A2B17F2C800294392 /* WelcomeView.swift */ = {isa = PBXFileReference; lastKnownFileType = sourcecode.swift; path = WelcomeView.swift; sourceTree = "<group>"; };
		575CFF5C2B17F2E400294392 /* FeatureView.swift */ = {isa = PBXFileReference; lastKnownFileType = sourcecode.swift; path = FeatureView.swift; sourceTree = "<group>"; };
		5768927F2BD3A27D00294392 /* PlanetRowView.swift */ = {isa = PBXFileReference; lastKnownFileType = sourcecode.swift; path = PlanetRowView.swift; sourceTree = "<group>"; };
		578071232B9A19C200294392 /* CosmoPicStoreViewModifier.swift */ = {isa = PBXFileReference; lastKnownFileType = sourcecode.swift; path = CosmoPicStoreViewModifier.swift; sourceTree = "<group>"; };
		578071252B9A19D900294392 /* PurchaseManager.swift */ = {isa = PBXFileReference; lastKnownFileType = sourcecode.swift; path = PurchaseManager.swift; sourceTree = "<group>"; };
		5787682E2BA21E1E00294392 /* PhotoZoomableView.swift */ = {isa = PBXFileReference; lastKnownFileType = sourcecode.swift; path = PhotoZoomableView.swift; sourceTree = "<group>"; };
		578768302BA21E3B00294392 /* PhotoZoomableContainerView.swift */ = {isa = PBXFileReference; lastKnownFileType = sourcecode.swift; path = PhotoZoomableContainerView.swift; sourceTree = "<group>"; };
		578A19AF2B0BA94C00294392 /* CosmoPic.app */ = {isa = PBXFileReference; explicitFileType = wrapper.application; includeInIndex = 0; path = CosmoPic.app; sourceTree = BUILT_PRODUCTS_DIR; };
		578A19BF2B0BA94E00294392 /* CosmoPicTests.xctest */ = {isa = PBXFileReference; explicitFileType = wrapper.cfbundle; includeInIndex = 0; path = CosmoPicTests.xctest; sourceTree = BUILT_PRODUCTS_DIR; };
		578A19C32B0BA94E00294392 /* CosmoPicDataStoreTests.swift */ = {isa = PBXFileReference; lastKnownFileType = sourcecode.swift; path = CosmoPicDataStoreTests.swift; sourceTree = "<group>"; };
		578A19C92B0BA94E00294392 /* CosmoPicUITests.xctest */ = {isa = PBXFileReference; explicitFileType = wrapper.cfbundle; includeInIndex = 0; path = CosmoPicUITests.xctest; sourceTree = BUILT_PRODUCTS_DIR; };
		578A19CD2B0BA94E00294392 /* CosmoPicUITests.swift */ = {isa = PBXFileReference; lastKnownFileType = sourcecode.swift; path = CosmoPicUITests.swift; sourceTree = "<group>"; };
		578A19CF2B0BA94E00294392 /* CosmoPicUITestsLaunchTests.swift */ = {isa = PBXFileReference; lastKnownFileType = sourcecode.swift; path = CosmoPicUITestsLaunchTests.swift; sourceTree = "<group>"; };
		578C96B72B793EB900294392 /* HistoryViewModel.swift */ = {isa = PBXFileReference; lastKnownFileType = sourcecode.swift; path = HistoryViewModel.swift; sourceTree = "<group>"; };
		5791A0092B6D321E00294392 /* TodayViewModel.swift */ = {isa = PBXFileReference; lastKnownFileType = sourcecode.swift; path = TodayViewModel.swift; sourceTree = "<group>"; };
		579A9A112BA0509A00294392 /* StoreKit.framework */ = {isa = PBXFileReference; lastKnownFileType = wrapper.framework; name = StoreKit.framework; path = System/Library/Frameworks/StoreKit.framework; sourceTree = SDKROOT; };
		579C7F032BA6064900294392 /* CosmoPic.entitlements */ = {isa = PBXFileReference; lastKnownFileType = text.plist.entitlements; path = CosmoPic.entitlements; sourceTree = "<group>"; };
		579C7F082BA614DF00294392 /* CosmoPicWidgets.appex */ = {isa = PBXFileReference; explicitFileType = "wrapper.app-extension"; includeInIndex = 0; path = CosmoPicWidgets.appex; sourceTree = BUILT_PRODUCTS_DIR; };
		579C7F092BA614DF00294392 /* WidgetKit.framework */ = {isa = PBXFileReference; lastKnownFileType = wrapper.framework; name = WidgetKit.framework; path = System/Library/Frameworks/WidgetKit.framework; sourceTree = SDKROOT; };
		579C7F0B2BA614DF00294392 /* SwiftUI.framework */ = {isa = PBXFileReference; lastKnownFileType = wrapper.framework; name = SwiftUI.framework; path = System/Library/Frameworks/SwiftUI.framework; sourceTree = SDKROOT; };
		579C7F0E2BA614DF00294392 /* CosmoPicWidgetBundle.swift */ = {isa = PBXFileReference; lastKnownFileType = sourcecode.swift; path = CosmoPicWidgetBundle.swift; sourceTree = "<group>"; };
		579C7F102BA614DF00294392 /* FavoritesWidget.swift */ = {isa = PBXFileReference; lastKnownFileType = sourcecode.swift; path = FavoritesWidget.swift; sourceTree = "<group>"; };
		579C7F122BA614E100294392 /* Assets.xcassets */ = {isa = PBXFileReference; lastKnownFileType = folder.assetcatalog; path = Assets.xcassets; sourceTree = "<group>"; };
		579C7F142BA614E100294392 /* Info.plist */ = {isa = PBXFileReference; lastKnownFileType = text.plist.xml; path = Info.plist; sourceTree = "<group>"; };
		579C7F1F2BA6186100294392 /* CosmoPicWidgets.entitlements */ = {isa = PBXFileReference; lastKnownFileType = text.plist.entitlements; path = CosmoPicWidgets.entitlements; sourceTree = "<group>"; };
		57A8A6F22B7FAEEE00294392 /* CosmoPicAlert.swift */ = {isa = PBXFileReference; lastKnownFileType = sourcecode.swift; path = CosmoPicAlert.swift; sourceTree = "<group>"; };
		57A8A6F42B7FB12200294392 /* Binding.swift */ = {isa = PBXFileReference; lastKnownFileType = sourcecode.swift; path = Binding.swift; sourceTree = "<group>"; };
		57B22D762BCAADA100294392 /* FetchPhotoForTodayIntent.swift */ = {isa = PBXFileReference; lastKnownFileType = sourcecode.swift; path = FetchPhotoForTodayIntent.swift; sourceTree = "<group>"; };
		57B22D7A2BCAAF5300294392 /* CosmoPicShortcutsProvider.swift */ = {isa = PBXFileReference; lastKnownFileType = sourcecode.swift; path = CosmoPicShortcutsProvider.swift; sourceTree = "<group>"; };
		57B8985E2B6EB37D00294392 /* FavoritesViewModel.swift */ = {isa = PBXFileReference; lastKnownFileType = sourcecode.swift; path = FavoritesViewModel.swift; sourceTree = "<group>"; };
		57D72BB72BD125A200294392 /* TriviaItems.swift */ = {isa = PBXFileReference; lastKnownFileType = sourcecode.swift; path = TriviaItems.swift; sourceTree = "<group>"; };
		57D8C43D2B0D53C100294392 /* Preview Content */ = {isa = PBXFileReference; fileEncoding = 4; lastKnownFileType = text; name = "Preview Content"; path = "CosmoPic/Preview Content"; sourceTree = SOURCE_ROOT; };
		57D8C43E2B0D53C100294392 /* Assets.xcassets */ = {isa = PBXFileReference; lastKnownFileType = folder.assetcatalog; name = Assets.xcassets; path = CosmoPic/Assets.xcassets; sourceTree = SOURCE_ROOT; };
		57D8C43F2B0D53C100294392 /* MainView.swift */ = {isa = PBXFileReference; fileEncoding = 4; lastKnownFileType = sourcecode.swift; name = MainView.swift; path = CosmoPic/Views/MainView.swift; sourceTree = SOURCE_ROOT; };
		57D8C4402B0D53C100294392 /* CosmoPicApp.swift */ = {isa = PBXFileReference; fileEncoding = 4; lastKnownFileType = sourcecode.swift; name = CosmoPicApp.swift; path = CosmoPic/CosmoPicApp.swift; sourceTree = SOURCE_ROOT; };
		57E049062B147CF500294392 /* FileManager.swift */ = {isa = PBXFileReference; lastKnownFileType = sourcecode.swift; path = FileManager.swift; sourceTree = "<group>"; };
		57E049082B1481F300294392 /* APOD-Info.plist */ = {isa = PBXFileReference; lastKnownFileType = text.plist.xml; path = "APOD-Info.plist"; sourceTree = "<group>"; };
		57E3F1A72B77C98800294392 /* PhotoDetailContentView.swift */ = {isa = PBXFileReference; lastKnownFileType = sourcecode.swift; path = PhotoDetailContentView.swift; sourceTree = "<group>"; };
		57E4DD7F2B1A235600294392 /* DynamicPhotoView.swift */ = {isa = PBXFileReference; lastKnownFileType = sourcecode.swift; path = DynamicPhotoView.swift; sourceTree = "<group>"; };
		57E4DD862B1A28F200294392 /* HistoryRowView.swift */ = {isa = PBXFileReference; lastKnownFileType = sourcecode.swift; path = HistoryRowView.swift; sourceTree = "<group>"; };
		57E4EFB92BCBFD1800294392 /* Tab.swift */ = {isa = PBXFileReference; lastKnownFileType = sourcecode.swift; path = Tab.swift; sourceTree = "<group>"; };
		57E4EFBB2BCBFEB100294392 /* Router.swift */ = {isa = PBXFileReference; lastKnownFileType = sourcecode.swift; path = Router.swift; sourceTree = "<group>"; };
		57EB4AD32BD115D000294392 /* TriviaView.swift */ = {isa = PBXFileReference; lastKnownFileType = sourcecode.swift; path = TriviaView.swift; sourceTree = "<group>"; };
		57EB4AD62BD1177D00294392 /* TriviaItem.swift */ = {isa = PBXFileReference; lastKnownFileType = sourcecode.swift; path = TriviaItem.swift; sourceTree = "<group>"; };
		57EB4AD92BD1188200294392 /* SolarSystemAPIService.swift */ = {isa = PBXFileReference; lastKnownFileType = sourcecode.swift; path = SolarSystemAPIService.swift; sourceTree = "<group>"; };
		57EB4ADB2BD1189000294392 /* SolarSystemAPIServiceProtocol.swift */ = {isa = PBXFileReference; lastKnownFileType = sourcecode.swift; path = SolarSystemAPIServiceProtocol.swift; sourceTree = "<group>"; };
		57EB4ADD2BD119C000294392 /* TriviaViewModel.swift */ = {isa = PBXFileReference; lastKnownFileType = sourcecode.swift; path = TriviaViewModel.swift; sourceTree = "<group>"; };
		57EB4ADF2BD11FC400294392 /* Collection.swift */ = {isa = PBXFileReference; lastKnownFileType = sourcecode.swift; path = Collection.swift; sourceTree = "<group>"; };
		57EF5E942B950BF500294392 /* ShareButtonView.swift */ = {isa = PBXFileReference; lastKnownFileType = sourcecode.swift; path = ShareButtonView.swift; sourceTree = "<group>"; };
		57F550422B73DEFE00294392 /* DateFormatter.swift */ = {isa = PBXFileReference; lastKnownFileType = sourcecode.swift; path = DateFormatter.swift; sourceTree = "<group>"; };
		57F550442B73E3A500294392 /* UIImage.swift */ = {isa = PBXFileReference; lastKnownFileType = sourcecode.swift; path = UIImage.swift; sourceTree = "<group>"; };
		57FC94242B1667AF00294392 /* PhotoAPIServiceMock.swift */ = {isa = PBXFileReference; lastKnownFileType = sourcecode.swift; path = PhotoAPIServiceMock.swift; sourceTree = "<group>"; };
		57FC94262B166CB800294392 /* HistoryAPIServiceMock.swift */ = {isa = PBXFileReference; lastKnownFileType = sourcecode.swift; path = HistoryAPIServiceMock.swift; sourceTree = "<group>"; };
		57FC94282B166F3E00294392 /* PhotoAPIServiceErrorMock.swift */ = {isa = PBXFileReference; lastKnownFileType = sourcecode.swift; path = PhotoAPIServiceErrorMock.swift; sourceTree = "<group>"; };
		57FECA9C2B92500400294392 /* FavoriteButtonView.swift */ = {isa = PBXFileReference; lastKnownFileType = sourcecode.swift; path = FavoriteButtonView.swift; sourceTree = "<group>"; };
/* End PBXFileReference section */

/* Begin PBXFrameworksBuildPhase section */
		578A19AC2B0BA94C00294392 /* Frameworks */ = {
			isa = PBXFrameworksBuildPhase;
			buildActionMask = 2147483647;
			files = (
				579A9A122BA0509A00294392 /* StoreKit.framework in Frameworks */,
			);
			runOnlyForDeploymentPostprocessing = 0;
		};
		578A19BC2B0BA94E00294392 /* Frameworks */ = {
			isa = PBXFrameworksBuildPhase;
			buildActionMask = 2147483647;
			files = (
			);
			runOnlyForDeploymentPostprocessing = 0;
		};
		578A19C62B0BA94E00294392 /* Frameworks */ = {
			isa = PBXFrameworksBuildPhase;
			buildActionMask = 2147483647;
			files = (
			);
			runOnlyForDeploymentPostprocessing = 0;
		};
		579C7F052BA614DF00294392 /* Frameworks */ = {
			isa = PBXFrameworksBuildPhase;
			buildActionMask = 2147483647;
			files = (
				579C7F0C2BA614DF00294392 /* SwiftUI.framework in Frameworks */,
				579C7F0A2BA614DF00294392 /* WidgetKit.framework in Frameworks */,
			);
			runOnlyForDeploymentPostprocessing = 0;
		};
/* End PBXFrameworksBuildPhase section */

/* Begin PBXGroup section */
		5712326A2B112B3E00294392 /* Models */ = {
			isa = PBXGroup;
			children = (
				571232722B115FD100294392 /* Photo.swift */,
				57EB4AD62BD1177D00294392 /* TriviaItem.swift */,
				57D72BB72BD125A200294392 /* TriviaItems.swift */,
				57A8A6F22B7FAEEE00294392 /* CosmoPicAlert.swift */,
				571232762B11650900294392 /* CosmoPicError.swift */,
				57E4EFB92BCBFD1800294392 /* Tab.swift */,
			);
			path = Models;
			sourceTree = "<group>";
		};
		5712326B2B112B4C00294392 /* Views */ = {
			isa = PBXGroup;
			children = (
				575CFF5A2B17F2C800294392 /* WelcomeView.swift */,
				575CFF5C2B17F2E400294392 /* FeatureView.swift */,
				57D8C43F2B0D53C100294392 /* MainView.swift */,
				5751B6952B947F4600294392 /* TodayViews */,
				5712326E2B112BE500294392 /* FavoritesView.swift */,
				57E4DD892B1A2BBE00294392 /* HistoryViews */,
				57EB4AD52BD115D800294392 /* TiviaViews */,
				57E4DD852B1A27C700294392 /* GeneralViews */,
			);
			path = Views;
			sourceTree = "<group>";
		};
		57131E932B96173200294392 /* Store */ = {
			isa = PBXGroup;
			children = (
				57131E942B96176400294392 /* Products.storekit */,
				57131E952B96183A00294392 /* StoreKitTestCertificate.cer */,
				57131E972B9618F900294392 /* CosmoPicStoreView.swift */,
				578071232B9A19C200294392 /* CosmoPicStoreViewModifier.swift */,
				578071252B9A19D900294392 /* PurchaseManager.swift */,
			);
			path = Store;
			sourceTree = "<group>";
		};
		572106042BC6C59500294392 /* Widgets */ = {
			isa = PBXGroup;
			children = (
				579C7F102BA614DF00294392 /* FavoritesWidget.swift */,
			);
			path = Widgets;
			sourceTree = "<group>";
		};
		572106052BC6C5A500294392 /* Intents */ = {
			isa = PBXGroup;
			children = (
				575627362BB70DD200294392 /* ShowNewFavoritesPhotoIntent.swift */,
			);
			path = Intents;
			sourceTree = "<group>";
		};
		574D86982B15839700294392 /* Services */ = {
			isa = PBXGroup;
			children = (
				577BC02D2B86599F00294392 /* PhotoAPIService */,
				577BC02F2B8659D900294392 /* HistoryAPIService */,
				57EB4AD82BD1185F00294392 /* SolarSystemAPIService */,
				57322E0C2B8F99A700294392 /* ImageSaverService.swift */,
				57E4EFBB2BCBFEB100294392 /* Router.swift */,
			);
			path = Services;
			sourceTree = "<group>";
		};
		5751B6952B947F4600294392 /* TodayViews */ = {
			isa = PBXGroup;
			children = (
				5712326C2B112BD400294392 /* TodayView.swift */,
				5751B6932B947F3600294392 /* TodayPhotoView.swift */,
			);
			path = TodayViews;
			sourceTree = "<group>";
		};
		577BC02D2B86599F00294392 /* PhotoAPIService */ = {
			isa = PBXGroup;
			children = (
				574D86992B1583C800294392 /* PhotoAPIServiceProtocol.swift */,
				574D86962B15837100294392 /* PhotoAPIService.swift */,
				57FC94242B1667AF00294392 /* PhotoAPIServiceMock.swift */,
				57FC94282B166F3E00294392 /* PhotoAPIServiceErrorMock.swift */,
			);
			path = PhotoAPIService;
			sourceTree = "<group>";
		};
		577BC02F2B8659D900294392 /* HistoryAPIService */ = {
			isa = PBXGroup;
			children = (
				574D86A22B16453D00294392 /* HistoryAPIServiceProtocol.swift */,
				574D869F2B16452500294392 /* HistoryAPIService.swift */,
				57FC94262B166CB800294392 /* HistoryAPIServiceMock.swift */,
			);
			path = HistoryAPIService;
			sourceTree = "<group>";
		};
		578A19A62B0BA94C00294392 = {
			isa = PBXGroup;
			children = (
				578A19B12B0BA94C00294392 /* CosmoPic */,
				579C7F0D2BA614DF00294392 /* CosmoPicWidgets */,
				578A19C22B0BA94E00294392 /* CosmoPicTests */,
				578A19CC2B0BA94E00294392 /* CosmoPicUITests */,
				578A19B02B0BA94C00294392 /* Products */,
				579A9A102BA0509A00294392 /* Frameworks */,
			);
			sourceTree = "<group>";
		};
		578A19B02B0BA94C00294392 /* Products */ = {
			isa = PBXGroup;
			children = (
				578A19AF2B0BA94C00294392 /* CosmoPic.app */,
				578A19BF2B0BA94E00294392 /* CosmoPicTests.xctest */,
				578A19C92B0BA94E00294392 /* CosmoPicUITests.xctest */,
				579C7F082BA614DF00294392 /* CosmoPicWidgets.appex */,
			);
			name = Products;
			sourceTree = "<group>";
		};
		578A19B12B0BA94C00294392 /* CosmoPic */ = {
			isa = PBXGroup;
			children = (
				579C7F032BA6064900294392 /* CosmoPic.entitlements */,
				572FAFA62B11276800294392 /* Info.plist */,
				572106082BC6D28800294392 /* PrivacyInfo.xcprivacy */,
				57E049082B1481F300294392 /* APOD-Info.plist */,
				574D86902B14836B00294392 /* APOD-Info-Sample.plist */,
				57D8C4402B0D53C100294392 /* CosmoPicApp.swift */,
				5712326B2B112B4C00294392 /* Views */,
				57CDE76C2B165BEE00294392 /* ViewModels */,
				5712326A2B112B3E00294392 /* Models */,
				57E049052B147CDF00294392 /* Extensions */,
				574D86982B15839700294392 /* Services */,
				57131E932B96173200294392 /* Store */,
				57B22D782BCAADA700294392 /* Intents */,
				57B22D792BCAAF3200294392 /* Shortcuts */,
				57D8C43E2B0D53C100294392 /* Assets.xcassets */,
				57D8C43D2B0D53C100294392 /* Preview Content */,
			);
			path = CosmoPic;
			sourceTree = "<group>";
		};
		578A19C22B0BA94E00294392 /* CosmoPicTests */ = {
			isa = PBXGroup;
			children = (
				578A19C32B0BA94E00294392 /* CosmoPicDataStoreTests.swift */,
			);
			path = CosmoPicTests;
			sourceTree = "<group>";
		};
		578A19CC2B0BA94E00294392 /* CosmoPicUITests */ = {
			isa = PBXGroup;
			children = (
				578A19CD2B0BA94E00294392 /* CosmoPicUITests.swift */,
				578A19CF2B0BA94E00294392 /* CosmoPicUITestsLaunchTests.swift */,
			);
			path = CosmoPicUITests;
			sourceTree = "<group>";
		};
		579A9A102BA0509A00294392 /* Frameworks */ = {
			isa = PBXGroup;
			children = (
				579A9A112BA0509A00294392 /* StoreKit.framework */,
				579C7F092BA614DF00294392 /* WidgetKit.framework */,
				579C7F0B2BA614DF00294392 /* SwiftUI.framework */,
			);
			name = Frameworks;
			sourceTree = "<group>";
		};
		579C7F0D2BA614DF00294392 /* CosmoPicWidgets */ = {
			isa = PBXGroup;
			children = (
				579C7F1F2BA6186100294392 /* CosmoPicWidgets.entitlements */,
				572106042BC6C59500294392 /* Widgets */,
				572106052BC6C5A500294392 /* Intents */,
				579C7F0E2BA614DF00294392 /* CosmoPicWidgetBundle.swift */,
				579C7F122BA614E100294392 /* Assets.xcassets */,
				579C7F142BA614E100294392 /* Info.plist */,
			);
			path = CosmoPicWidgets;
			sourceTree = "<group>";
		};
		57B22D782BCAADA700294392 /* Intents */ = {
			isa = PBXGroup;
			children = (
				57B22D762BCAADA100294392 /* FetchPhotoForTodayIntent.swift */,
			);
			path = Intents;
			sourceTree = "<group>";
		};
		57B22D792BCAAF3200294392 /* Shortcuts */ = {
			isa = PBXGroup;
			children = (
				57B22D7A2BCAAF5300294392 /* CosmoPicShortcutsProvider.swift */,
			);
			path = Shortcuts;
			sourceTree = "<group>";
		};
		57CDE76C2B165BEE00294392 /* ViewModels */ = {
			isa = PBXGroup;
			children = (
				5791A0092B6D321E00294392 /* TodayViewModel.swift */,
				57B8985E2B6EB37D00294392 /* FavoritesViewModel.swift */,
				57409B9E2B700EEC00294392 /* PhotoDetailViewModel.swift */,
				57346C8E2B90CE1F00294392 /* SaveButtonViewModel.swift */,
				578C96B72B793EB900294392 /* HistoryViewModel.swift */,
				57EB4ADD2BD119C000294392 /* TriviaViewModel.swift */,
			);
			path = ViewModels;
			sourceTree = "<group>";
		};
		57E049052B147CDF00294392 /* Extensions */ = {
			isa = PBXGroup;
			children = (
				57E049062B147CF500294392 /* FileManager.swift */,
				57F550422B73DEFE00294392 /* DateFormatter.swift */,
				57F550442B73E3A500294392 /* UIImage.swift */,
				570652B32B7A743C00294392 /* JSONDecoder.swift */,
				570652B52B7A7A3D00294392 /* View.swift */,
				57A8A6F42B7FB12200294392 /* Binding.swift */,
				57EB4ADF2BD11FC400294392 /* Collection.swift */,
			);
			path = Extensions;
			sourceTree = "<group>";
		};
		57E4DD852B1A27C700294392 /* GeneralViews */ = {
			isa = PBXGroup;
			children = (
				574D86942B14A43A00294392 /* PhotoDetailView.swift */,
				57E3F1A72B77C98800294392 /* PhotoDetailContentView.swift */,
				57E4DD7F2B1A235600294392 /* DynamicPhotoView.swift */,
				57FECA9C2B92500400294392 /* FavoriteButtonView.swift */,
				57EF5E942B950BF500294392 /* ShareButtonView.swift */,
				5751B6962B948D0100294392 /* SaveButtonView.swift */,
				5787682E2BA21E1E00294392 /* PhotoZoomableView.swift */,
				578768302BA21E3B00294392 /* PhotoZoomableContainerView.swift */,
				5768927F2BD3A27D00294392 /* PlanetRowView.swift */,
			);
			path = GeneralViews;
			sourceTree = "<group>";
		};
		57E4DD892B1A2BBE00294392 /* HistoryViews */ = {
			isa = PBXGroup;
			children = (
				571232702B112C0800294392 /* HistoryView.swift */,
				57E4DD862B1A28F200294392 /* HistoryRowView.swift */,
			);
			path = HistoryViews;
			sourceTree = "<group>";
		};
		57EB4AD52BD115D800294392 /* TiviaViews */ = {
			isa = PBXGroup;
			children = (
				57EB4AD32BD115D000294392 /* TriviaView.swift */,
			);
			path = TiviaViews;
			sourceTree = "<group>";
		};
		57EB4AD82BD1185F00294392 /* SolarSystemAPIService */ = {
			isa = PBXGroup;
			children = (
				57EB4AD92BD1188200294392 /* SolarSystemAPIService.swift */,
				57EB4ADB2BD1189000294392 /* SolarSystemAPIServiceProtocol.swift */,
			);
			path = SolarSystemAPIService;
			sourceTree = "<group>";
		};
/* End PBXGroup section */

/* Begin PBXNativeTarget section */
		578A19AE2B0BA94C00294392 /* CosmoPic */ = {
			isa = PBXNativeTarget;
			buildConfigurationList = 578A19D32B0BA94E00294392 /* Build configuration list for PBXNativeTarget "CosmoPic" */;
			buildPhases = (
				57F7709A2B11244500294392 /* ShellScript */,
				578A19AB2B0BA94C00294392 /* Sources */,
				578A19AC2B0BA94C00294392 /* Frameworks */,
				578A19AD2B0BA94C00294392 /* Resources */,
				579C7F1B2BA614E100294392 /* Embed Foundation Extensions */,
			);
			buildRules = (
			);
			dependencies = (
				579C7F162BA614E100294392 /* PBXTargetDependency */,
			);
			name = CosmoPic;
			productName = "Cosmo Pic";
			productReference = 578A19AF2B0BA94C00294392 /* CosmoPic.app */;
			productType = "com.apple.product-type.application";
		};
		578A19BE2B0BA94E00294392 /* CosmoPicTests */ = {
			isa = PBXNativeTarget;
			buildConfigurationList = 578A19D62B0BA94E00294392 /* Build configuration list for PBXNativeTarget "CosmoPicTests" */;
			buildPhases = (
				578A19BB2B0BA94E00294392 /* Sources */,
				578A19BC2B0BA94E00294392 /* Frameworks */,
				578A19BD2B0BA94E00294392 /* Resources */,
			);
			buildRules = (
			);
			dependencies = (
				578A19C12B0BA94E00294392 /* PBXTargetDependency */,
			);
			name = CosmoPicTests;
			productName = "Cosmo PicTests";
			productReference = 578A19BF2B0BA94E00294392 /* CosmoPicTests.xctest */;
			productType = "com.apple.product-type.bundle.unit-test";
		};
		578A19C82B0BA94E00294392 /* CosmoPicUITests */ = {
			isa = PBXNativeTarget;
			buildConfigurationList = 578A19D92B0BA94E00294392 /* Build configuration list for PBXNativeTarget "CosmoPicUITests" */;
			buildPhases = (
				57F770992B1123F600294392 /* ShellScript */,
				578A19C52B0BA94E00294392 /* Sources */,
				578A19C62B0BA94E00294392 /* Frameworks */,
				578A19C72B0BA94E00294392 /* Resources */,
			);
			buildRules = (
			);
			dependencies = (
				578A19CB2B0BA94E00294392 /* PBXTargetDependency */,
			);
			name = CosmoPicUITests;
			productName = "Cosmo PicUITests";
			productReference = 578A19C92B0BA94E00294392 /* CosmoPicUITests.xctest */;
			productType = "com.apple.product-type.bundle.ui-testing";
		};
		579C7F072BA614DF00294392 /* CosmoPicWidgets */ = {
			isa = PBXNativeTarget;
			buildConfigurationList = 579C7F182BA614E100294392 /* Build configuration list for PBXNativeTarget "CosmoPicWidgets" */;
			buildPhases = (
				579C7F042BA614DF00294392 /* Sources */,
				579C7F052BA614DF00294392 /* Frameworks */,
				579C7F062BA614DF00294392 /* Resources */,
			);
			buildRules = (
			);
			dependencies = (
			);
			name = CosmoPicWidgets;
			productName = FavoritesWidgetExtension;
			productReference = 579C7F082BA614DF00294392 /* CosmoPicWidgets.appex */;
			productType = "com.apple.product-type.app-extension";
		};
/* End PBXNativeTarget section */

/* Begin PBXProject section */
		578A19A72B0BA94C00294392 /* Project object */ = {
			isa = PBXProject;
			attributes = {
				BuildIndependentTargetsInParallel = 1;
				LastSwiftUpdateCheck = 1530;
				LastUpgradeCheck = 1500;
				TargetAttributes = {
					578A19AE2B0BA94C00294392 = {
						CreatedOnToolsVersion = 15.0.1;
					};
					578A19BE2B0BA94E00294392 = {
						CreatedOnToolsVersion = 15.0.1;
						TestTargetID = 578A19AE2B0BA94C00294392;
					};
					578A19C82B0BA94E00294392 = {
						CreatedOnToolsVersion = 15.0.1;
						TestTargetID = 578A19AE2B0BA94C00294392;
					};
					579C7F072BA614DF00294392 = {
						CreatedOnToolsVersion = 15.3;
					};
				};
			};
			buildConfigurationList = 578A19AA2B0BA94C00294392 /* Build configuration list for PBXProject "CosmoPic" */;
			compatibilityVersion = "Xcode 14.0";
			developmentRegion = en;
			hasScannedForEncodings = 0;
			knownRegions = (
				en,
				Base,
			);
			mainGroup = 578A19A62B0BA94C00294392;
			productRefGroup = 578A19B02B0BA94C00294392 /* Products */;
			projectDirPath = "";
			projectRoot = "";
			targets = (
				578A19AE2B0BA94C00294392 /* CosmoPic */,
				578A19BE2B0BA94E00294392 /* CosmoPicTests */,
				578A19C82B0BA94E00294392 /* CosmoPicUITests */,
				579C7F072BA614DF00294392 /* CosmoPicWidgets */,
			);
		};
/* End PBXProject section */

/* Begin PBXResourcesBuildPhase section */
		578A19AD2B0BA94C00294392 /* Resources */ = {
			isa = PBXResourcesBuildPhase;
			buildActionMask = 2147483647;
			files = (
				572106092BC6D28800294392 /* PrivacyInfo.xcprivacy in Resources */,
				57131E962B96183A00294392 /* StoreKitTestCertificate.cer in Resources */,
				574D86912B14836B00294392 /* APOD-Info-Sample.plist in Resources */,
				57E049092B1481F300294392 /* APOD-Info.plist in Resources */,
				57D8C4412B0D53C100294392 /* Preview Content in Resources */,
				57D8C4422B0D53C100294392 /* Assets.xcassets in Resources */,
			);
			runOnlyForDeploymentPostprocessing = 0;
		};
		578A19BD2B0BA94E00294392 /* Resources */ = {
			isa = PBXResourcesBuildPhase;
			buildActionMask = 2147483647;
			files = (
			);
			runOnlyForDeploymentPostprocessing = 0;
		};
		578A19C72B0BA94E00294392 /* Resources */ = {
			isa = PBXResourcesBuildPhase;
			buildActionMask = 2147483647;
			files = (
			);
			runOnlyForDeploymentPostprocessing = 0;
		};
		579C7F062BA614DF00294392 /* Resources */ = {
			isa = PBXResourcesBuildPhase;
			buildActionMask = 2147483647;
			files = (
				5721060A2BC6D28800294392 /* PrivacyInfo.xcprivacy in Resources */,
				579C7F132BA614E100294392 /* Assets.xcassets in Resources */,
			);
			runOnlyForDeploymentPostprocessing = 0;
		};
/* End PBXResourcesBuildPhase section */

/* Begin PBXShellScriptBuildPhase section */
		57F770992B1123F600294392 /* ShellScript */ = {
			isa = PBXShellScriptBuildPhase;
			alwaysOutOfDate = 1;
			buildActionMask = 2147483647;
			files = (
			);
			inputFileListPaths = (
			);
			inputPaths = (
			);
			outputFileListPaths = (
			);
			outputPaths = (
			);
			runOnlyForDeploymentPostprocessing = 0;
			shellPath = /bin/sh;
			shellScript = "PATH=/opt/homebrew/bin:$PATH\nif [ -f ~/com.raywenderlich.swiftlint.yml ]; then\n  if which swiftlint >/dev/null; then\n    swiftlint --no-cache --config ~/com.raywenderlich.swiftlint.yml\n  fi\nfi\n";
		};
		57F7709A2B11244500294392 /* ShellScript */ = {
			isa = PBXShellScriptBuildPhase;
			alwaysOutOfDate = 1;
			buildActionMask = 2147483647;
			files = (
			);
			inputFileListPaths = (
			);
			inputPaths = (
			);
			outputFileListPaths = (
			);
			outputPaths = (
			);
			runOnlyForDeploymentPostprocessing = 0;
			shellPath = /bin/sh;
			shellScript = "PATH=/opt/homebrew/bin:$PATH\nif [ -f ~/com.raywenderlich.swiftlint.yml ]; then\n  if which swiftlint >/dev/null; then\n    swiftlint --no-cache --config ~/com.raywenderlich.swiftlint.yml\n  fi\nfi\n";
		};
/* End PBXShellScriptBuildPhase section */

/* Begin PBXSourcesBuildPhase section */
		578A19AB2B0BA94C00294392 /* Sources */ = {
			isa = PBXSourcesBuildPhase;
			buildActionMask = 2147483647;
			files = (
				57B8985F2B6EB37D00294392 /* FavoritesViewModel.swift in Sources */,
				571232732B115FD100294392 /* Photo.swift in Sources */,
				574D86952B14A43A00294392 /* PhotoDetailView.swift in Sources */,
				574D869A2B1583C800294392 /* PhotoAPIServiceProtocol.swift in Sources */,
				57FC94252B1667AF00294392 /* PhotoAPIServiceMock.swift in Sources */,
				5751B6942B947F3600294392 /* TodayPhotoView.swift in Sources */,
				57EB4ADC2BD1189000294392 /* SolarSystemAPIServiceProtocol.swift in Sources */,
				57EB4AE02BD11FC400294392 /* Collection.swift in Sources */,
				57E4DD872B1A28F200294392 /* HistoryRowView.swift in Sources */,
				5712326F2B112BE500294392 /* FavoritesView.swift in Sources */,
				57F550452B73E3A500294392 /* UIImage.swift in Sources */,
				578768312BA21E3B00294392 /* PhotoZoomableContainerView.swift in Sources */,
				57EB4ADE2BD119C000294392 /* TriviaViewModel.swift in Sources */,
				574D86972B15837100294392 /* PhotoAPIService.swift in Sources */,
				57A8A6F32B7FAEEE00294392 /* CosmoPicAlert.swift in Sources */,
				57D8C4442B0D53C100294392 /* CosmoPicApp.swift in Sources */,
				575627372BB70DD200294392 /* ShowNewFavoritesPhotoIntent.swift in Sources */,
				571232712B112C0800294392 /* HistoryView.swift in Sources */,
				57EF5E952B950BF500294392 /* ShareButtonView.swift in Sources */,
				5787682F2BA21E1E00294392 /* PhotoZoomableView.swift in Sources */,
				57E4EFBA2BCBFD1800294392 /* Tab.swift in Sources */,
				578071262B9A19D900294392 /* PurchaseManager.swift in Sources */,
				57EB4ADA2BD1188200294392 /* SolarSystemAPIService.swift in Sources */,
				5751B6972B948D0100294392 /* SaveButtonView.swift in Sources */,
				578C96B82B793EB900294392 /* HistoryViewModel.swift in Sources */,
				57FC94292B166F3E00294392 /* PhotoAPIServiceErrorMock.swift in Sources */,
				57346C8F2B90CE1F00294392 /* SaveButtonViewModel.swift in Sources */,
				574D86A32B16453D00294392 /* HistoryAPIServiceProtocol.swift in Sources */,
				5791A00A2B6D321E00294392 /* TodayViewModel.swift in Sources */,
				575CFF5D2B17F2E400294392 /* FeatureView.swift in Sources */,
				57EB4AD72BD1177D00294392 /* TriviaItem.swift in Sources */,
				578071242B9A19C200294392 /* CosmoPicStoreViewModifier.swift in Sources */,
				570652B62B7A7A3D00294392 /* View.swift in Sources */,
				57E4DD802B1A235600294392 /* DynamicPhotoView.swift in Sources */,
				57F550432B73DEFE00294392 /* DateFormatter.swift in Sources */,
				57B22D7B2BCAAF5300294392 /* CosmoPicShortcutsProvider.swift in Sources */,
				57B22D772BCAADA100294392 /* FetchPhotoForTodayIntent.swift in Sources */,
				57E4EFBC2BCBFEB100294392 /* Router.swift in Sources */,
				57A8A6F52B7FB12200294392 /* Binding.swift in Sources */,
				5712326D2B112BD400294392 /* TodayView.swift in Sources */,
				57FC94272B166CB800294392 /* HistoryAPIServiceMock.swift in Sources */,
				574D86A02B16452600294392 /* HistoryAPIService.swift in Sources */,
				57EB4AD42BD115D000294392 /* TriviaView.swift in Sources */,
				57409B9F2B700EEC00294392 /* PhotoDetailViewModel.swift in Sources */,
				570652B42B7A743C00294392 /* JSONDecoder.swift in Sources */,
				57D72BB82BD125A200294392 /* TriviaItems.swift in Sources */,
				57E049072B147CF500294392 /* FileManager.swift in Sources */,
				57FECA9D2B92500400294392 /* FavoriteButtonView.swift in Sources */,
				571232772B11650A00294392 /* CosmoPicError.swift in Sources */,
				57131E982B9618F900294392 /* CosmoPicStoreView.swift in Sources */,
				57D8C4432B0D53C100294392 /* MainView.swift in Sources */,
				57E3F1A82B77C98800294392 /* PhotoDetailContentView.swift in Sources */,
				575CFF5B2B17F2C800294392 /* WelcomeView.swift in Sources */,
				576892802BD3A27D00294392 /* PlanetRowView.swift in Sources */,
				57322E0D2B8F99A700294392 /* ImageSaverService.swift in Sources */,
			);
			runOnlyForDeploymentPostprocessing = 0;
		};
		578A19BB2B0BA94E00294392 /* Sources */ = {
			isa = PBXSourcesBuildPhase;
			buildActionMask = 2147483647;
			files = (
				578A19C42B0BA94E00294392 /* CosmoPicDataStoreTests.swift in Sources */,
			);
			runOnlyForDeploymentPostprocessing = 0;
		};
		578A19C52B0BA94E00294392 /* Sources */ = {
			isa = PBXSourcesBuildPhase;
			buildActionMask = 2147483647;
			files = (
				57D8C4462B0D55E500294392 /* CosmoPicUITests.swift in Sources */,
				578A19D02B0BA94E00294392 /* CosmoPicUITestsLaunchTests.swift in Sources */,
			);
			runOnlyForDeploymentPostprocessing = 0;
		};
		579C7F042BA614DF00294392 /* Sources */ = {
			isa = PBXSourcesBuildPhase;
			buildActionMask = 2147483647;
			files = (
				579C7F1E2BA616EE00294392 /* FileManager.swift in Sources */,
				579C7F1D2BA616DF00294392 /* Photo.swift in Sources */,
				579C7F1C2BA616C800294392 /* FavoritesViewModel.swift in Sources */,
				5760A9672BCE723200294392 /* Tab.swift in Sources */,
				5760A9662BCE722600294392 /* Router.swift in Sources */,
				575627382BB70F6400294392 /* ShowNewFavoritesPhotoIntent.swift in Sources */,
				579C7F0F2BA614DF00294392 /* CosmoPicWidgetBundle.swift in Sources */,
				579C7F112BA614DF00294392 /* FavoritesWidget.swift in Sources */,
			);
			runOnlyForDeploymentPostprocessing = 0;
		};
/* End PBXSourcesBuildPhase section */

/* Begin PBXTargetDependency section */
		578A19C12B0BA94E00294392 /* PBXTargetDependency */ = {
			isa = PBXTargetDependency;
			target = 578A19AE2B0BA94C00294392 /* CosmoPic */;
			targetProxy = 578A19C02B0BA94E00294392 /* PBXContainerItemProxy */;
		};
		578A19CB2B0BA94E00294392 /* PBXTargetDependency */ = {
			isa = PBXTargetDependency;
			target = 578A19AE2B0BA94C00294392 /* CosmoPic */;
			targetProxy = 578A19CA2B0BA94E00294392 /* PBXContainerItemProxy */;
		};
		579C7F162BA614E100294392 /* PBXTargetDependency */ = {
			isa = PBXTargetDependency;
			target = 579C7F072BA614DF00294392 /* CosmoPicWidgets */;
			targetProxy = 579C7F152BA614E100294392 /* PBXContainerItemProxy */;
		};
/* End PBXTargetDependency section */

/* Begin XCBuildConfiguration section */
		578A19D12B0BA94E00294392 /* Debug */ = {
			isa = XCBuildConfiguration;
			buildSettings = {
				ALWAYS_SEARCH_USER_PATHS = NO;
				ASSETCATALOG_COMPILER_GENERATE_SWIFT_ASSET_SYMBOL_EXTENSIONS = YES;
				CLANG_ANALYZER_NONNULL = YES;
				CLANG_ANALYZER_NUMBER_OBJECT_CONVERSION = YES_AGGRESSIVE;
				CLANG_CXX_LANGUAGE_STANDARD = "gnu++20";
				CLANG_ENABLE_MODULES = YES;
				CLANG_ENABLE_OBJC_ARC = YES;
				CLANG_ENABLE_OBJC_WEAK = YES;
				CLANG_WARN_BLOCK_CAPTURE_AUTORELEASING = YES;
				CLANG_WARN_BOOL_CONVERSION = YES;
				CLANG_WARN_COMMA = YES;
				CLANG_WARN_CONSTANT_CONVERSION = YES;
				CLANG_WARN_DEPRECATED_OBJC_IMPLEMENTATIONS = YES;
				CLANG_WARN_DIRECT_OBJC_ISA_USAGE = YES_ERROR;
				CLANG_WARN_DOCUMENTATION_COMMENTS = YES;
				CLANG_WARN_EMPTY_BODY = YES;
				CLANG_WARN_ENUM_CONVERSION = YES;
				CLANG_WARN_INFINITE_RECURSION = YES;
				CLANG_WARN_INT_CONVERSION = YES;
				CLANG_WARN_NON_LITERAL_NULL_CONVERSION = YES;
				CLANG_WARN_OBJC_IMPLICIT_RETAIN_SELF = YES;
				CLANG_WARN_OBJC_LITERAL_CONVERSION = YES;
				CLANG_WARN_OBJC_ROOT_CLASS = YES_ERROR;
				CLANG_WARN_QUOTED_INCLUDE_IN_FRAMEWORK_HEADER = YES;
				CLANG_WARN_RANGE_LOOP_ANALYSIS = YES;
				CLANG_WARN_STRICT_PROTOTYPES = YES;
				CLANG_WARN_SUSPICIOUS_MOVE = YES;
				CLANG_WARN_UNGUARDED_AVAILABILITY = YES_AGGRESSIVE;
				CLANG_WARN_UNREACHABLE_CODE = YES;
				CLANG_WARN__DUPLICATE_METHOD_MATCH = YES;
				COPY_PHASE_STRIP = NO;
				DEBUG_INFORMATION_FORMAT = dwarf;
				ENABLE_STRICT_OBJC_MSGSEND = YES;
				ENABLE_TESTABILITY = YES;
				ENABLE_USER_SCRIPT_SANDBOXING = YES;
				GCC_C_LANGUAGE_STANDARD = gnu17;
				GCC_DYNAMIC_NO_PIC = NO;
				GCC_NO_COMMON_BLOCKS = YES;
				GCC_OPTIMIZATION_LEVEL = 0;
				GCC_PREPROCESSOR_DEFINITIONS = (
					"DEBUG=1",
					"$(inherited)",
				);
				GCC_WARN_64_TO_32_BIT_CONVERSION = YES;
				GCC_WARN_ABOUT_RETURN_TYPE = YES_ERROR;
				GCC_WARN_UNDECLARED_SELECTOR = YES;
				GCC_WARN_UNINITIALIZED_AUTOS = YES_AGGRESSIVE;
				GCC_WARN_UNUSED_FUNCTION = YES;
				GCC_WARN_UNUSED_VARIABLE = YES;
				IPHONEOS_DEPLOYMENT_TARGET = 17.0;
				LOCALIZATION_PREFERS_STRING_CATALOGS = YES;
				MTL_ENABLE_DEBUG_INFO = INCLUDE_SOURCE;
				MTL_FAST_MATH = YES;
				ONLY_ACTIVE_ARCH = YES;
				SDKROOT = iphoneos;
				SWIFT_ACTIVE_COMPILATION_CONDITIONS = "DEBUG $(inherited)";
				SWIFT_OPTIMIZATION_LEVEL = "-Onone";
			};
			name = Debug;
		};
		578A19D22B0BA94E00294392 /* Release */ = {
			isa = XCBuildConfiguration;
			buildSettings = {
				ALWAYS_SEARCH_USER_PATHS = NO;
				ASSETCATALOG_COMPILER_GENERATE_SWIFT_ASSET_SYMBOL_EXTENSIONS = YES;
				CLANG_ANALYZER_NONNULL = YES;
				CLANG_ANALYZER_NUMBER_OBJECT_CONVERSION = YES_AGGRESSIVE;
				CLANG_CXX_LANGUAGE_STANDARD = "gnu++20";
				CLANG_ENABLE_MODULES = YES;
				CLANG_ENABLE_OBJC_ARC = YES;
				CLANG_ENABLE_OBJC_WEAK = YES;
				CLANG_WARN_BLOCK_CAPTURE_AUTORELEASING = YES;
				CLANG_WARN_BOOL_CONVERSION = YES;
				CLANG_WARN_COMMA = YES;
				CLANG_WARN_CONSTANT_CONVERSION = YES;
				CLANG_WARN_DEPRECATED_OBJC_IMPLEMENTATIONS = YES;
				CLANG_WARN_DIRECT_OBJC_ISA_USAGE = YES_ERROR;
				CLANG_WARN_DOCUMENTATION_COMMENTS = YES;
				CLANG_WARN_EMPTY_BODY = YES;
				CLANG_WARN_ENUM_CONVERSION = YES;
				CLANG_WARN_INFINITE_RECURSION = YES;
				CLANG_WARN_INT_CONVERSION = YES;
				CLANG_WARN_NON_LITERAL_NULL_CONVERSION = YES;
				CLANG_WARN_OBJC_IMPLICIT_RETAIN_SELF = YES;
				CLANG_WARN_OBJC_LITERAL_CONVERSION = YES;
				CLANG_WARN_OBJC_ROOT_CLASS = YES_ERROR;
				CLANG_WARN_QUOTED_INCLUDE_IN_FRAMEWORK_HEADER = YES;
				CLANG_WARN_RANGE_LOOP_ANALYSIS = YES;
				CLANG_WARN_STRICT_PROTOTYPES = YES;
				CLANG_WARN_SUSPICIOUS_MOVE = YES;
				CLANG_WARN_UNGUARDED_AVAILABILITY = YES_AGGRESSIVE;
				CLANG_WARN_UNREACHABLE_CODE = YES;
				CLANG_WARN__DUPLICATE_METHOD_MATCH = YES;
				COPY_PHASE_STRIP = NO;
				DEBUG_INFORMATION_FORMAT = "dwarf-with-dsym";
				ENABLE_NS_ASSERTIONS = NO;
				ENABLE_STRICT_OBJC_MSGSEND = YES;
				ENABLE_USER_SCRIPT_SANDBOXING = YES;
				GCC_C_LANGUAGE_STANDARD = gnu17;
				GCC_NO_COMMON_BLOCKS = YES;
				GCC_WARN_64_TO_32_BIT_CONVERSION = YES;
				GCC_WARN_ABOUT_RETURN_TYPE = YES_ERROR;
				GCC_WARN_UNDECLARED_SELECTOR = YES;
				GCC_WARN_UNINITIALIZED_AUTOS = YES_AGGRESSIVE;
				GCC_WARN_UNUSED_FUNCTION = YES;
				GCC_WARN_UNUSED_VARIABLE = YES;
				IPHONEOS_DEPLOYMENT_TARGET = 17.0;
				LOCALIZATION_PREFERS_STRING_CATALOGS = YES;
				MTL_ENABLE_DEBUG_INFO = NO;
				MTL_FAST_MATH = YES;
				SDKROOT = iphoneos;
				SWIFT_COMPILATION_MODE = wholemodule;
				VALIDATE_PRODUCT = YES;
			};
			name = Release;
		};
		578A19D42B0BA94E00294392 /* Debug */ = {
			isa = XCBuildConfiguration;
			buildSettings = {
				ALWAYS_EMBED_SWIFT_STANDARD_LIBRARIES = YES;
				ASSETCATALOG_COMPILER_APPICON_NAME = AppIcon;
				ASSETCATALOG_COMPILER_GLOBAL_ACCENT_COLOR_NAME = AccentColor;
				CODE_SIGN_ENTITLEMENTS = CosmoPic/CosmoPic.entitlements;
				CODE_SIGN_STYLE = Automatic;
				CURRENT_PROJECT_VERSION = 1;
				DEVELOPMENT_ASSET_PATHS = "\"CosmoPic/Preview Content\"";
				DEVELOPMENT_TEAM = G7HRH2B3C7;
				ENABLE_PREVIEWS = YES;
				ENABLE_USER_SCRIPT_SANDBOXING = NO;
				GENERATE_INFOPLIST_FILE = YES;
				INFOPLIST_FILE = CosmoPic/Info.plist;
				INFOPLIST_KEY_CFBundleDisplayName = "Cosmo Pic";
				INFOPLIST_KEY_LSApplicationCategoryType = "public.app-category.entertainment";
				INFOPLIST_KEY_NSPhotoLibraryAddUsageDescription = "We want to save space pictures";
				INFOPLIST_KEY_UIApplicationSceneManifest_Generation = YES;
				INFOPLIST_KEY_UIApplicationSupportsIndirectInputEvents = YES;
				INFOPLIST_KEY_UISupportedInterfaceOrientations_iPad = "UIInterfaceOrientationPortrait UIInterfaceOrientationPortraitUpsideDown UIInterfaceOrientationLandscapeLeft UIInterfaceOrientationLandscapeRight";
				INFOPLIST_KEY_UISupportedInterfaceOrientations_iPhone = "UIInterfaceOrientationPortrait UIInterfaceOrientationLandscapeLeft UIInterfaceOrientationLandscapeRight";
				LD_RUNPATH_SEARCH_PATHS = (
					"$(inherited)",
					"@executable_path/Frameworks",
				);
				MARKETING_VERSION = 1.0;
				PRODUCT_BUNDLE_IDENTIFIER = "dev.xbow.Cosmo-Pic";
				PRODUCT_NAME = "$(TARGET_NAME)";
				SUPPORTED_PLATFORMS = "iphoneos iphonesimulator xros xrsimulator";
				SUPPORTS_MACCATALYST = NO;
				SUPPORTS_XR_DESIGNED_FOR_IPHONE_IPAD = NO;
				SWIFT_EMIT_LOC_STRINGS = YES;
				SWIFT_VERSION = 5.0;
				TARGETED_DEVICE_FAMILY = "1,2,7";
			};
			name = Debug;
		};
		578A19D52B0BA94E00294392 /* Release */ = {
			isa = XCBuildConfiguration;
			buildSettings = {
				ALWAYS_EMBED_SWIFT_STANDARD_LIBRARIES = YES;
				ASSETCATALOG_COMPILER_APPICON_NAME = AppIcon;
				ASSETCATALOG_COMPILER_GLOBAL_ACCENT_COLOR_NAME = AccentColor;
				CODE_SIGN_ENTITLEMENTS = CosmoPic/CosmoPic.entitlements;
				CODE_SIGN_STYLE = Automatic;
				CURRENT_PROJECT_VERSION = 1;
				DEVELOPMENT_ASSET_PATHS = "\"CosmoPic/Preview Content\"";
				DEVELOPMENT_TEAM = G7HRH2B3C7;
				ENABLE_PREVIEWS = YES;
				ENABLE_USER_SCRIPT_SANDBOXING = NO;
				GENERATE_INFOPLIST_FILE = YES;
				INFOPLIST_FILE = CosmoPic/Info.plist;
				INFOPLIST_KEY_CFBundleDisplayName = "Cosmo Pic";
				INFOPLIST_KEY_LSApplicationCategoryType = "public.app-category.entertainment";
				INFOPLIST_KEY_NSPhotoLibraryAddUsageDescription = "We want to save space pictures";
				INFOPLIST_KEY_UIApplicationSceneManifest_Generation = YES;
				INFOPLIST_KEY_UIApplicationSupportsIndirectInputEvents = YES;
				INFOPLIST_KEY_UISupportedInterfaceOrientations_iPad = "UIInterfaceOrientationPortrait UIInterfaceOrientationPortraitUpsideDown UIInterfaceOrientationLandscapeLeft UIInterfaceOrientationLandscapeRight";
				INFOPLIST_KEY_UISupportedInterfaceOrientations_iPhone = "UIInterfaceOrientationPortrait UIInterfaceOrientationLandscapeLeft UIInterfaceOrientationLandscapeRight";
				LD_RUNPATH_SEARCH_PATHS = (
					"$(inherited)",
					"@executable_path/Frameworks",
				);
				MARKETING_VERSION = 1.0;
				PRODUCT_BUNDLE_IDENTIFIER = "dev.xbow.Cosmo-Pic";
				PRODUCT_NAME = "$(TARGET_NAME)";
				SUPPORTED_PLATFORMS = "iphoneos iphonesimulator xros xrsimulator";
				SUPPORTS_MACCATALYST = NO;
				SUPPORTS_XR_DESIGNED_FOR_IPHONE_IPAD = NO;
				SWIFT_EMIT_LOC_STRINGS = YES;
				SWIFT_VERSION = 5.0;
				TARGETED_DEVICE_FAMILY = "1,2,7";
			};
			name = Release;
		};
		578A19D72B0BA94E00294392 /* Debug */ = {
			isa = XCBuildConfiguration;
			buildSettings = {
				ALWAYS_EMBED_SWIFT_STANDARD_LIBRARIES = YES;
				BUNDLE_LOADER = "$(TEST_HOST)";
				CODE_SIGN_STYLE = Automatic;
				CURRENT_PROJECT_VERSION = 1;
				DEVELOPMENT_TEAM = G7HRH2B3C7;
				ENABLE_USER_SCRIPT_SANDBOXING = NO;
				GENERATE_INFOPLIST_FILE = YES;
				IPHONEOS_DEPLOYMENT_TARGET = 17.0;
				MARKETING_VERSION = 1.0;
				PRODUCT_BUNDLE_IDENTIFIER = "dev.xbow.Cosmo-PicTests";
				PRODUCT_NAME = "$(TARGET_NAME)";
				SWIFT_EMIT_LOC_STRINGS = NO;
				SWIFT_VERSION = 5.0;
				TARGETED_DEVICE_FAMILY = "1,2";
				TEST_HOST = "$(BUILT_PRODUCTS_DIR)/CosmoPic.app/$(BUNDLE_EXECUTABLE_FOLDER_PATH)/CosmoPic";
			};
			name = Debug;
		};
		578A19D82B0BA94E00294392 /* Release */ = {
			isa = XCBuildConfiguration;
			buildSettings = {
				ALWAYS_EMBED_SWIFT_STANDARD_LIBRARIES = YES;
				BUNDLE_LOADER = "$(TEST_HOST)";
				CODE_SIGN_STYLE = Automatic;
				CURRENT_PROJECT_VERSION = 1;
				DEVELOPMENT_TEAM = G7HRH2B3C7;
				ENABLE_USER_SCRIPT_SANDBOXING = NO;
				GENERATE_INFOPLIST_FILE = YES;
				IPHONEOS_DEPLOYMENT_TARGET = 17.0;
				MARKETING_VERSION = 1.0;
				PRODUCT_BUNDLE_IDENTIFIER = "dev.xbow.Cosmo-PicTests";
				PRODUCT_NAME = "$(TARGET_NAME)";
				SWIFT_EMIT_LOC_STRINGS = NO;
				SWIFT_VERSION = 5.0;
				TARGETED_DEVICE_FAMILY = "1,2";
				TEST_HOST = "$(BUILT_PRODUCTS_DIR)/CosmoPic.app/$(BUNDLE_EXECUTABLE_FOLDER_PATH)/CosmoPic";
			};
			name = Release;
		};
		578A19DA2B0BA94E00294392 /* Debug */ = {
			isa = XCBuildConfiguration;
			buildSettings = {
				ALWAYS_EMBED_SWIFT_STANDARD_LIBRARIES = YES;
				CODE_SIGN_STYLE = Automatic;
				CURRENT_PROJECT_VERSION = 1;
				DEVELOPMENT_TEAM = G7HRH2B3C7;
				ENABLE_USER_SCRIPT_SANDBOXING = NO;
				GENERATE_INFOPLIST_FILE = YES;
				MARKETING_VERSION = 1.0;
				PRODUCT_BUNDLE_IDENTIFIER = "dev.xbow.Cosmo-PicUITests";
				PRODUCT_NAME = "$(TARGET_NAME)";
				PROVISIONING_PROFILE = "";
				SWIFT_EMIT_LOC_STRINGS = NO;
				SWIFT_VERSION = 5.0;
				TARGETED_DEVICE_FAMILY = "1,2";
				TEST_TARGET_NAME = CosmoPic;
			};
			name = Debug;
		};
		578A19DB2B0BA94E00294392 /* Release */ = {
			isa = XCBuildConfiguration;
			buildSettings = {
				ALWAYS_EMBED_SWIFT_STANDARD_LIBRARIES = YES;
				CODE_SIGN_STYLE = Automatic;
				CURRENT_PROJECT_VERSION = 1;
				DEVELOPMENT_TEAM = G7HRH2B3C7;
				ENABLE_USER_SCRIPT_SANDBOXING = NO;
				GENERATE_INFOPLIST_FILE = YES;
				MARKETING_VERSION = 1.0;
				PRODUCT_BUNDLE_IDENTIFIER = "dev.xbow.Cosmo-PicUITests";
				PRODUCT_NAME = "$(TARGET_NAME)";
				PROVISIONING_PROFILE = "";
				SWIFT_EMIT_LOC_STRINGS = NO;
				SWIFT_VERSION = 5.0;
				TARGETED_DEVICE_FAMILY = "1,2";
				TEST_TARGET_NAME = CosmoPic;
			};
			name = Release;
		};
		579C7F192BA614E100294392 /* Debug */ = {
			isa = XCBuildConfiguration;
			buildSettings = {
				ASSETCATALOG_COMPILER_GLOBAL_ACCENT_COLOR_NAME = AccentColor;
				ASSETCATALOG_COMPILER_WIDGET_BACKGROUND_COLOR_NAME = WidgetBackground;
				CODE_SIGN_ENTITLEMENTS = CosmoPicWidgets/CosmoPicWidgets.entitlements;
				CODE_SIGN_STYLE = Automatic;
				CURRENT_PROJECT_VERSION = 1;
				DEVELOPMENT_TEAM = G7HRH2B3C7;
				GENERATE_INFOPLIST_FILE = YES;
				INFOPLIST_FILE = CosmoPicWidgets/Info.plist;
				INFOPLIST_KEY_CFBundleDisplayName = CosmoPicWidgets;
				INFOPLIST_KEY_NSHumanReadableCopyright = "";
				IPHONEOS_DEPLOYMENT_TARGET = 17.4;
				LD_RUNPATH_SEARCH_PATHS = (
					"$(inherited)",
					"@executable_path/Frameworks",
					"@executable_path/../../Frameworks",
				);
				MARKETING_VERSION = 1.0;
				PRODUCT_BUNDLE_IDENTIFIER = "dev.xbow.Cosmo-Pic.CosmoPicWidgets";
				PRODUCT_NAME = "$(TARGET_NAME)";
				SKIP_INSTALL = YES;
				SWIFT_EMIT_LOC_STRINGS = YES;
				SWIFT_VERSION = 5.0;
				TARGETED_DEVICE_FAMILY = "1,2";
			};
			name = Debug;
		};
		579C7F1A2BA614E100294392 /* Release */ = {
			isa = XCBuildConfiguration;
			buildSettings = {
				ASSETCATALOG_COMPILER_GLOBAL_ACCENT_COLOR_NAME = AccentColor;
				ASSETCATALOG_COMPILER_WIDGET_BACKGROUND_COLOR_NAME = WidgetBackground;
				CODE_SIGN_ENTITLEMENTS = CosmoPicWidgets/CosmoPicWidgets.entitlements;
				CODE_SIGN_STYLE = Automatic;
				CURRENT_PROJECT_VERSION = 1;
				DEVELOPMENT_TEAM = G7HRH2B3C7;
				GENERATE_INFOPLIST_FILE = YES;
				INFOPLIST_FILE = CosmoPicWidgets/Info.plist;
				INFOPLIST_KEY_CFBundleDisplayName = CosmoPicWidgets;
				INFOPLIST_KEY_NSHumanReadableCopyright = "";
				IPHONEOS_DEPLOYMENT_TARGET = 17.4;
				LD_RUNPATH_SEARCH_PATHS = (
					"$(inherited)",
					"@executable_path/Frameworks",
					"@executable_path/../../Frameworks",
				);
				MARKETING_VERSION = 1.0;
				PRODUCT_BUNDLE_IDENTIFIER = "dev.xbow.Cosmo-Pic.CosmoPicWidgets";
				PRODUCT_NAME = "$(TARGET_NAME)";
				SKIP_INSTALL = YES;
				SWIFT_EMIT_LOC_STRINGS = YES;
				SWIFT_VERSION = 5.0;
				TARGETED_DEVICE_FAMILY = "1,2";
			};
			name = Release;
		};
/* End XCBuildConfiguration section */

/* Begin XCConfigurationList section */
		578A19AA2B0BA94C00294392 /* Build configuration list for PBXProject "CosmoPic" */ = {
			isa = XCConfigurationList;
			buildConfigurations = (
				578A19D12B0BA94E00294392 /* Debug */,
				578A19D22B0BA94E00294392 /* Release */,
			);
			defaultConfigurationIsVisible = 0;
			defaultConfigurationName = Release;
		};
		578A19D32B0BA94E00294392 /* Build configuration list for PBXNativeTarget "CosmoPic" */ = {
			isa = XCConfigurationList;
			buildConfigurations = (
				578A19D42B0BA94E00294392 /* Debug */,
				578A19D52B0BA94E00294392 /* Release */,
			);
			defaultConfigurationIsVisible = 0;
			defaultConfigurationName = Release;
		};
		578A19D62B0BA94E00294392 /* Build configuration list for PBXNativeTarget "CosmoPicTests" */ = {
			isa = XCConfigurationList;
			buildConfigurations = (
				578A19D72B0BA94E00294392 /* Debug */,
				578A19D82B0BA94E00294392 /* Release */,
			);
			defaultConfigurationIsVisible = 0;
			defaultConfigurationName = Release;
		};
		578A19D92B0BA94E00294392 /* Build configuration list for PBXNativeTarget "CosmoPicUITests" */ = {
			isa = XCConfigurationList;
			buildConfigurations = (
				578A19DA2B0BA94E00294392 /* Debug */,
				578A19DB2B0BA94E00294392 /* Release */,
			);
			defaultConfigurationIsVisible = 0;
			defaultConfigurationName = Release;
		};
		579C7F182BA614E100294392 /* Build configuration list for PBXNativeTarget "CosmoPicWidgets" */ = {
			isa = XCConfigurationList;
			buildConfigurations = (
				579C7F192BA614E100294392 /* Debug */,
				579C7F1A2BA614E100294392 /* Release */,
			);
			defaultConfigurationIsVisible = 0;
			defaultConfigurationName = Release;
		};
/* End XCConfigurationList section */
	};
	rootObject = 578A19A72B0BA94C00294392 /* Project object */;
}
